
Microsoft Visual Studio Solution File, Format Version 12.00
# Visual Studio Version 17
VisualStudioVersion = 17.8.34316.72
MinimumVisualStudioVersion = 10.0.40219.1
Project("{FAE04EC0-301F-11D3-BF4B-00C04F79EFBC}") = "loop", "loop\loop.csproj", "{C5ABFD2F-0E5C-46EF-9F59-D8BDDC4721F6}"
EndProject
Global
	GlobalSection(SolutionConfigurationPlatforms) = preSolution
		Debug|Any CPU = Debug|Any CPU
		Release|Any CPU = Release|Any CPU
	EndGlobalSection
	GlobalSection(ProjectConfigurationPlatforms) = postSolution
		{C5ABFD2F-0E5C-46EF-9F59-D8BDDC4721F6}.Debug|Any CPU.ActiveCfg = Debug|Any CPU
		{C5ABFD2F-0E5C-46EF-9F59-D8BDDC4721F6}.Debug|Any CPU.Build.0 = Debug|Any CPU
		{C5ABFD2F-0E5C-46EF-9F59-D8BDDC4721F6}.Release|Any CPU.ActiveCfg = Release|Any CPU
		{C5ABFD2F-0E5C-46EF-9F59-D8BDDC4721F6}.Release|Any CPU.Build.0 = Release|Any CPU
	EndGlobalSection
	GlobalSection(SolutionProperties) = preSolution
		HideSolutionNode = FALSE
	EndGlobalSection
	GlobalSection(ExtensibilityGlobals) = postSolution
		SolutionGuid = {C56E8B71-630E-413B-AFD4-2BCE2DEAF96D}
	EndGlobalSection
EndGlobal
