
Microsoft Visual Studio Solution File, Format Version 12.00
# Visual Studio Version 17
VisualStudioVersion = 17.8.34316.72
MinimumVisualStudioVersion = 10.0.40219.1
Project("{FAE04EC0-301F-11D3-BF4B-00C04F79EFBC}") = "techiCalc", "techiCalc\techiCalc.csproj", "{1C2DB477-C8C9-48B1-941A-14CF2955FD0F}"
EndProject
Global
	GlobalSection(SolutionConfigurationPlatforms) = preSolution
		Debug|Any CPU = Debug|Any CPU
		Release|Any CPU = Release|Any CPU
	EndGlobalSection
	GlobalSection(ProjectConfigurationPlatforms) = postSolution
		{1C2DB477-C8C9-48B1-941A-14CF2955FD0F}.Debug|Any CPU.ActiveCfg = Debug|Any CPU
		{1C2DB477-C8C9-48B1-941A-14CF2955FD0F}.Debug|Any CPU.Build.0 = Debug|Any CPU
		{1C2DB477-C8C9-48B1-941A-14CF2955FD0F}.Release|Any CPU.ActiveCfg = Release|Any CPU
		{1C2DB477-C8C9-48B1-941A-14CF2955FD0F}.Release|Any CPU.Build.0 = Release|Any CPU
	EndGlobalSection
	GlobalSection(SolutionProperties) = preSolution
		HideSolutionNode = FALSE
	EndGlobalSection
	GlobalSection(ExtensibilityGlobals) = postSolution
		SolutionGuid = {093FC3EC-BC78-45CA-84D8-9C49C10DA7F0}
	EndGlobalSection
EndGlobal
